<?xml version="1.0" encoding="utf-8"?>
<Project ToolsVersion="4.0" xmlns="http://schemas.microsoft.com/developer/msbuild/2003">
  <ItemGroup>
    <Filter Include="Sample">
      <UniqueIdentifier>{203e3564-cd84-4f9a-864b-7bb991168ffb}</UniqueIdentifier>
    </Filter>
    <Filter Include="Source">
      <UniqueIdentifier>{69bfdd05-f933-42ce-bb60-db574978177f}</UniqueIdentifier>
    </Filter>
    <Filter Include="Source\Core">
      <UniqueIdentifier>{6ab7ddcb-08f3-4f81-aa45-eadc79ecdffc}</UniqueIdentifier>
    </Filter>
    <Filter Include="Source\Platform">
      <UniqueIdentifier>{7e628545-7356-4a84-921f-48d3c78e7974}</UniqueIdentifier>
    </Filter>
    <Filter Include="Source\Platform\Core">
      <UniqueIdentifier>{a9d19fdd-86fd-4b0d-8c50-7fa81acad790}</UniqueIdentifier>
    </Filter>
  </ItemGroup>
  <ItemGroup>
    <ClCompile Include="test.cpp">
      <Filter>Sample</Filter>
    </ClCompile>
    <ClCompile Include="..\..\Source\Core\ByteStream.cpp">
      <Filter>Source\Core</Filter>
    </ClCompile>
    <ClCompile Include="..\..\Source\Platform\Core\Windows\Endian.cpp">
      <Filter>Source\Platform\Core</Filter>
    </ClCompile>
  </ItemGroup>
  <ItemGroup>
    <ClInclude Include="..\..\Source\Core\ByteStream.h">
      <Filter>Source\Core</Filter>
    </ClInclude>
    <ClInclude Include="..\..\Source\Core\BitSet.hpp">
      <Filter>Source\Core</Filter>
    </ClInclude>
    <ClInclude Include="..\..\Source\Core\Common.hpp">
      <Filter>Source\Core</Filter>
    </ClInclude>
    <ClInclude Include="..\..\Source\Platform\Core\Endian.h">
      <Filter>Source\Platform\Core</Filter>
    </ClInclude>
    <ClInclude Include="..\..\Source\Platform\Core\Common.h">
      <Filter>Source\Platform\Core</Filter>
    </ClInclude>
    <ClInclude Include="..\..\Source\Platform\Common.h">
      <Filter>Source\Platform</Filter>
    </ClInclude>
  </ItemGroup>
</Project>